
Microsoft Visual Studio Solution File, Format Version 12.00
# Visual Studio Version 17
VisualStudioVersion = 17.7.34024.191
MinimumVisualStudioVersion = 10.0.40219.1
Project("{FAE04EC0-301F-11D3-BF4B-00C04F79EFBC}") = "WebApiClientConsole", "WebApiClientConsole.csproj", "{B9E385D1-2455-40CD-9319-314D72BD4ACF}"
EndProject
Global
	GlobalSection(SolutionConfigurationPlatforms) = preSolution
		Debug|Any CPU = Debug|Any CPU
		Release|Any CPU = Release|Any CPU
	EndGlobalSection
	GlobalSection(ProjectConfigurationPlatforms) = postSolution
		{B9E385D1-2455-40CD-9319-314D72BD4ACF}.Debug|Any CPU.ActiveCfg = Debug|Any CPU
		{B9E385D1-2455-40CD-9319-314D72BD4ACF}.Debug|Any CPU.Build.0 = Debug|Any CPU
		{B9E385D1-2455-40CD-9319-314D72BD4ACF}.Release|Any CPU.ActiveCfg = Release|Any CPU
		{B9E385D1-2455-40CD-9319-314D72BD4ACF}.Release|Any CPU.Build.0 = Release|Any CPU
	EndGlobalSection
	GlobalSection(SolutionProperties) = preSolution
		HideSolutionNode = FALSE
	EndGlobalSection
	GlobalSection(ExtensibilityGlobals) = postSolution
		SolutionGuid = {BEB111FF-F944-49E2-9EBA-FBDDB35E6A5E}
	EndGlobalSection
EndGlobal
